
Microsoft Visual Studio Solution File, Format Version 12.00
# Visual Studio Version 17
VisualStudioVersion = 17.9.34723.18
MinimumVisualStudioVersion = 10.0.40219.1
Project("{8BC9CEB8-8B4A-11D0-8D11-00A0C91BC942}") = "Glide3Gouraud", "Glide3Gouraud.vcxproj", "{40E59645-8CAE-4253-A40A-3E6E46B73835}"
EndProject
Global
	GlobalSection(SolutionConfigurationPlatforms) = preSolution
		Debug|x64 = Debug|x64
		Debug|x86 = Debug|x86
		MinSizeRel|x64 = MinSizeRel|x64
		MinSizeRel|x86 = MinSizeRel|x86
		Release|x64 = Release|x64
		Release|x86 = Release|x86
		RelWithDebInfo|x64 = RelWithDebInfo|x64
		RelWithDebInfo|x86 = RelWithDebInfo|x86
	EndGlobalSection
	GlobalSection(ProjectConfigurationPlatforms) = postSolution
		{40E59645-8CAE-4253-A40A-3E6E46B73835}.Debug|x64.ActiveCfg = Debug|x64
		{40E59645-8CAE-4253-A40A-3E6E46B73835}.Debug|x64.Build.0 = Debug|x64
		{40E59645-8CAE-4253-A40A-3E6E46B73835}.Debug|x86.ActiveCfg = Debug|Win32
		{40E59645-8CAE-4253-A40A-3E6E46B73835}.Debug|x86.Build.0 = Debug|Win32
		{40E59645-8CAE-4253-A40A-3E6E46B73835}.MinSizeRel|x64.ActiveCfg = Release|x64
		{40E59645-8CAE-4253-A40A-3E6E46B73835}.MinSizeRel|x64.Build.0 = Release|x64
		{40E59645-8CAE-4253-A40A-3E6E46B73835}.MinSizeRel|x86.ActiveCfg = Release|Win32
		{40E59645-8CAE-4253-A40A-3E6E46B73835}.MinSizeRel|x86.Build.0 = Release|Win32
		{40E59645-8CAE-4253-A40A-3E6E46B73835}.Release|x64.ActiveCfg = Release|x64
		{40E59645-8CAE-4253-A40A-3E6E46B73835}.Release|x64.Build.0 = Release|x64
		{40E59645-8CAE-4253-A40A-3E6E46B73835}.Release|x86.ActiveCfg = Release|Win32
		{40E59645-8CAE-4253-A40A-3E6E46B73835}.Release|x86.Build.0 = Release|Win32
		{40E59645-8CAE-4253-A40A-3E6E46B73835}.RelWithDebInfo|x64.ActiveCfg = Release|x64
		{40E59645-8CAE-4253-A40A-3E6E46B73835}.RelWithDebInfo|x64.Build.0 = Release|x64
		{40E59645-8CAE-4253-A40A-3E6E46B73835}.RelWithDebInfo|x86.ActiveCfg = Release|Win32
		{40E59645-8CAE-4253-A40A-3E6E46B73835}.RelWithDebInfo|x86.Build.0 = Release|Win32
	EndGlobalSection
	GlobalSection(SolutionProperties) = preSolution
		HideSolutionNode = FALSE
	EndGlobalSection
	GlobalSection(ExtensibilityGlobals) = postSolution
		SolutionGuid = {BE910B63-3B29-411F-AC16-C6DCB9E709A0}
	EndGlobalSection
EndGlobal
